
Microsoft Visual Studio Solution File, Format Version 12.00
# Visual Studio Version 17
VisualStudioVersion = 17.0.31903.59
MinimumVisualStudioVersion = 10.0.40219.1
Project("{FAE04EC0-301F-11D3-BF4B-00C04F79EFBC}") = "Appointment.Api", "Appointment.Api\Appointment.Api.csproj", "{FBA95495-A4E1-47BC-BFCF-20A3626773E0}"
EndProject
Project("{FAE04EC0-301F-11D3-BF4B-00C04F79EFBC}") = "Appointment.Application", "Appointment.Application\Appointment.Application.csproj", "{B77CF12B-5A1C-49F1-8133-F072803C9462}"
EndProject
Project("{FAE04EC0-301F-11D3-BF4B-00C04F79EFBC}") = "Appointment.Domain", "Appointment.Domain\Appointment.Domain.csproj", "{CCA2A052-9A8F-49A3-B5BE-C17E66D35A8F}"
EndProject
Project("{FAE04EC0-301F-11D3-BF4B-00C04F79EFBC}") = "Appointment.Infrastructure", "Appointment.Infrastructure\Appointment.Infrastructure.csproj", "{3ACE3BF8-DE9C-4F0C-B4ED-ED868BA57C68}"
EndProject
Global
	GlobalSection(SolutionConfigurationPlatforms) = preSolution
		Debug|Any CPU = Debug|Any CPU
		Release|Any CPU = Release|Any CPU
	EndGlobalSection
	GlobalSection(SolutionProperties) = preSolution
		HideSolutionNode = FALSE
	EndGlobalSection
	GlobalSection(ProjectConfigurationPlatforms) = postSolution
		{FBA95495-A4E1-47BC-BFCF-20A3626773E0}.Debug|Any CPU.ActiveCfg = Debug|Any CPU
		{FBA95495-A4E1-47BC-BFCF-20A3626773E0}.Debug|Any CPU.Build.0 = Debug|Any CPU
		{FBA95495-A4E1-47BC-BFCF-20A3626773E0}.Release|Any CPU.ActiveCfg = Release|Any CPU
		{FBA95495-A4E1-47BC-BFCF-20A3626773E0}.Release|Any CPU.Build.0 = Release|Any CPU
		{B77CF12B-5A1C-49F1-8133-F072803C9462}.Debug|Any CPU.ActiveCfg = Debug|Any CPU
		{B77CF12B-5A1C-49F1-8133-F072803C9462}.Debug|Any CPU.Build.0 = Debug|Any CPU
		{B77CF12B-5A1C-49F1-8133-F072803C9462}.Release|Any CPU.ActiveCfg = Release|Any CPU
		{B77CF12B-5A1C-49F1-8133-F072803C9462}.Release|Any CPU.Build.0 = Release|Any CPU
		{CCA2A052-9A8F-49A3-B5BE-C17E66D35A8F}.Debug|Any CPU.ActiveCfg = Debug|Any CPU
		{CCA2A052-9A8F-49A3-B5BE-C17E66D35A8F}.Debug|Any CPU.Build.0 = Debug|Any CPU
		{CCA2A052-9A8F-49A3-B5BE-C17E66D35A8F}.Release|Any CPU.ActiveCfg = Release|Any CPU
		{CCA2A052-9A8F-49A3-B5BE-C17E66D35A8F}.Release|Any CPU.Build.0 = Release|Any CPU
		{3ACE3BF8-DE9C-4F0C-B4ED-ED868BA57C68}.Debug|Any CPU.ActiveCfg = Debug|Any CPU
		{3ACE3BF8-DE9C-4F0C-B4ED-ED868BA57C68}.Debug|Any CPU.Build.0 = Debug|Any CPU
		{3ACE3BF8-DE9C-4F0C-B4ED-ED868BA57C68}.Release|Any CPU.ActiveCfg = Release|Any CPU
		{3ACE3BF8-DE9C-4F0C-B4ED-ED868BA57C68}.Release|Any CPU.Build.0 = Release|Any CPU
	EndGlobalSection
EndGlobal
